
Microsoft Visual Studio Solution File, Format Version 12.00
# Visual Studio 14
VisualStudioVersion = 14.0.23107.0
MinimumVisualStudioVersion = 10.0.40219.1
Project("{FAE04EC0-301F-11D3-BF4B-00C04F79EFBC}") = "MainLibrary.Droid", "MainLibrary\MainLibrary.Droid\MainLibrary.Droid.csproj", "{92BE70F6-6774-4564-913A-EDC4F9517DA2}"
EndProject
Project("{FAE04EC0-301F-11D3-BF4B-00C04F79EFBC}") = "MainLibrary.iOS", "MainLibrary\MainLibrary.iOS\MainLibrary.iOS.csproj", "{9888D16B-D2C4-4720-8CC5-182F2B121939}"
EndProject
Project("{FAE04EC0-301F-11D3-BF4B-00C04F79EFBC}") = "MainLibrary.WinPhone", "MainLibrary\MainLibrary.WinPhone\MainLibrary.WinPhone.csproj", "{66CE134F-6758-4FA5-9F97-56EA75C869D6}"
EndProject
Project("{FAE04EC0-301F-11D3-BF4B-00C04F79EFBC}") = "MainLibrary", "MainLibrary\MainLibrary\MainLibrary.csproj", "{ADD460DF-69BA-4012-8EC1-FEFB995D0FBD}"
EndProject
Global
	GlobalSection(SolutionConfigurationPlatforms) = preSolution
		Ad-Hoc|Any CPU = Ad-Hoc|Any CPU
		Ad-Hoc|ARM = Ad-Hoc|ARM
		Ad-Hoc|iPhone = Ad-Hoc|iPhone
		Ad-Hoc|iPhoneSimulator = Ad-Hoc|iPhoneSimulator
		Ad-Hoc|x86 = Ad-Hoc|x86
		AppStore|Any CPU = AppStore|Any CPU
		AppStore|ARM = AppStore|ARM
		AppStore|iPhone = AppStore|iPhone
		AppStore|iPhoneSimulator = AppStore|iPhoneSimulator
		AppStore|x86 = AppStore|x86
		Debug|Any CPU = Debug|Any CPU
		Debug|ARM = Debug|ARM
		Debug|iPhone = Debug|iPhone
		Debug|iPhoneSimulator = Debug|iPhoneSimulator
		Debug|x86 = Debug|x86
		Release|Any CPU = Release|Any CPU
		Release|ARM = Release|ARM
		Release|iPhone = Release|iPhone
		Release|iPhoneSimulator = Release|iPhoneSimulator
		Release|x86 = Release|x86
	EndGlobalSection
	GlobalSection(ProjectConfigurationPlatforms) = postSolution
		{92BE70F6-6774-4564-913A-EDC4F9517DA2}.Ad-Hoc|Any CPU.ActiveCfg = Release|Any CPU
		{92BE70F6-6774-4564-913A-EDC4F9517DA2}.Ad-Hoc|Any CPU.Build.0 = Release|Any CPU
		{92BE70F6-6774-4564-913A-EDC4F9517DA2}.Ad-Hoc|Any CPU.Deploy.0 = Release|Any CPU
		{92BE70F6-6774-4564-913A-EDC4F9517DA2}.Ad-Hoc|ARM.ActiveCfg = Release|Any CPU
		{92BE70F6-6774-4564-913A-EDC4F9517DA2}.Ad-Hoc|ARM.Build.0 = Release|Any CPU
		{92BE70F6-6774-4564-913A-EDC4F9517DA2}.Ad-Hoc|ARM.Deploy.0 = Release|Any CPU
		{92BE70F6-6774-4564-913A-EDC4F9517DA2}.Ad-Hoc|iPhone.ActiveCfg = Release|Any CPU
		{92BE70F6-6774-4564-913A-EDC4F9517DA2}.Ad-Hoc|iPhone.Build.0 = Release|Any CPU
		{92BE70F6-6774-4564-913A-EDC4F9517DA2}.Ad-Hoc|iPhone.Deploy.0 = Release|Any CPU
		{92BE70F6-6774-4564-913A-EDC4F9517DA2}.Ad-Hoc|iPhoneSimulator.ActiveCfg = Release|Any CPU
		{92BE70F6-6774-4564-913A-EDC4F9517DA2}.Ad-Hoc|iPhoneSimulator.Build.0 = Release|Any CPU
		{92BE70F6-6774-4564-913A-EDC4F9517DA2}.Ad-Hoc|iPhoneSimulator.Deploy.0 = Release|Any CPU
		{92BE70F6-6774-4564-913A-EDC4F9517DA2}.Ad-Hoc|x86.ActiveCfg = Release|Any CPU
		{92BE70F6-6774-4564-913A-EDC4F9517DA2}.Ad-Hoc|x86.Build.0 = Release|Any CPU
		{92BE70F6-6774-4564-913A-EDC4F9517DA2}.Ad-Hoc|x86.Deploy.0 = Release|Any CPU
		{92BE70F6-6774-4564-913A-EDC4F9517DA2}.AppStore|Any CPU.ActiveCfg = Release|Any CPU
		{92BE70F6-6774-4564-913A-EDC4F9517DA2}.AppStore|Any CPU.Build.0 = Release|Any CPU
		{92BE70F6-6774-4564-913A-EDC4F9517DA2}.AppStore|Any CPU.Deploy.0 = Release|Any CPU
		{92BE70F6-6774-4564-913A-EDC4F9517DA2}.AppStore|ARM.ActiveCfg = Release|Any CPU
		{92BE70F6-6774-4564-913A-EDC4F9517DA2}.AppStore|ARM.Build.0 = Release|Any CPU
		{92BE70F6-6774-4564-913A-EDC4F9517DA2}.AppStore|ARM.Deploy.0 = Release|Any CPU
		{92BE70F6-6774-4564-913A-EDC4F9517DA2}.AppStore|iPhone.ActiveCfg = Release|Any CPU
		{92BE70F6-6774-4564-913A-EDC4F9517DA2}.AppStore|iPhone.Build.0 = Release|Any CPU
		{92BE70F6-6774-4564-913A-EDC4F9517DA2}.AppStore|iPhone.Deploy.0 = Release|Any CPU
		{92BE70F6-6774-4564-913A-EDC4F9517DA2}.AppStore|iPhoneSimulator.ActiveCfg = Release|Any CPU
		{92BE70F6-6774-4564-913A-EDC4F9517DA2}.AppStore|iPhoneSimulator.Build.0 = Release|Any CPU
		{92BE70F6-6774-4564-913A-EDC4F9517DA2}.AppStore|iPhoneSimulator.Deploy.0 = Release|Any CPU
		{92BE70F6-6774-4564-913A-EDC4F9517DA2}.AppStore|x86.ActiveCfg = Release|Any CPU
		{92BE70F6-6774-4564-913A-EDC4F9517DA2}.AppStore|x86.Build.0 = Release|Any CPU
		{92BE70F6-6774-4564-913A-EDC4F9517DA2}.AppStore|x86.Deploy.0 = Release|Any CPU
		{92BE70F6-6774-4564-913A-EDC4F9517DA2}.Debug|Any CPU.ActiveCfg = Debug|Any CPU
		{92BE70F6-6774-4564-913A-EDC4F9517DA2}.Debug|Any CPU.Build.0 = Debug|Any CPU
		{92BE70F6-6774-4564-913A-EDC4F9517DA2}.Debug|Any CPU.Deploy.0 = Debug|Any CPU
		{92BE70F6-6774-4564-913A-EDC4F9517DA2}.Debug|ARM.ActiveCfg = Debug|Any CPU
		{92BE70F6-6774-4564-913A-EDC4F9517DA2}.Debug|ARM.Build.0 = Debug|Any CPU
		{92BE70F6-6774-4564-913A-EDC4F9517DA2}.Debug|ARM.Deploy.0 = Debug|Any CPU
		{92BE70F6-6774-4564-913A-EDC4F9517DA2}.Debug|iPhone.ActiveCfg = Debug|Any CPU
		{92BE70F6-6774-4564-913A-EDC4F9517DA2}.Debug|iPhone.Build.0 = Debug|Any CPU
		{92BE70F6-6774-4564-913A-EDC4F9517DA2}.Debug|iPhone.Deploy.0 = Debug|Any CPU
		{92BE70F6-6774-4564-913A-EDC4F9517DA2}.Debug|iPhoneSimulator.ActiveCfg = Debug|Any CPU
		{92BE70F6-6774-4564-913A-EDC4F9517DA2}.Debug|iPhoneSimulator.Build.0 = Debug|Any CPU
		{92BE70F6-6774-4564-913A-EDC4F9517DA2}.Debug|iPhoneSimulator.Deploy.0 = Debug|Any CPU
		{92BE70F6-6774-4564-913A-EDC4F9517DA2}.Debug|x86.ActiveCfg = Debug|Any CPU
		{92BE70F6-6774-4564-913A-EDC4F9517DA2}.Release|Any CPU.ActiveCfg = Release|Any CPU
		{92BE70F6-6774-4564-913A-EDC4F9517DA2}.Release|Any CPU.Build.0 = Release|Any CPU
		{92BE70F6-6774-4564-913A-EDC4F9517DA2}.Release|Any CPU.Deploy.0 = Release|Any CPU
		{92BE70F6-6774-4564-913A-EDC4F9517DA2}.Release|ARM.ActiveCfg = Release|Any CPU
		{92BE70F6-6774-4564-913A-EDC4F9517DA2}.Release|ARM.Build.0 = Release|Any CPU
		{92BE70F6-6774-4564-913A-EDC4F9517DA2}.Release|ARM.Deploy.0 = Release|Any CPU
		{92BE70F6-6774-4564-913A-EDC4F9517DA2}.Release|iPhone.ActiveCfg = Release|Any CPU
		{92BE70F6-6774-4564-913A-EDC4F9517DA2}.Release|iPhone.Build.0 = Release|Any CPU
		{92BE70F6-6774-4564-913A-EDC4F9517DA2}.Release|iPhone.Deploy.0 = Release|Any CPU
		{92BE70F6-6774-4564-913A-EDC4F9517DA2}.Release|iPhoneSimulator.ActiveCfg = Release|Any CPU
		{92BE70F6-6774-4564-913A-EDC4F9517DA2}.Release|iPhoneSimulator.Build.0 = Release|Any CPU
		{92BE70F6-6774-4564-913A-EDC4F9517DA2}.Release|iPhoneSimulator.Deploy.0 = Release|Any CPU
		{92BE70F6-6774-4564-913A-EDC4F9517DA2}.Release|x86.ActiveCfg = Release|Any CPU
		{92BE70F6-6774-4564-913A-EDC4F9517DA2}.Release|x86.Build.0 = Release|Any CPU
		{92BE70F6-6774-4564-913A-EDC4F9517DA2}.Release|x86.Deploy.0 = Release|Any CPU
		{9888D16B-D2C4-4720-8CC5-182F2B121939}.Ad-Hoc|Any CPU.ActiveCfg = Ad-Hoc|iPhone
		{9888D16B-D2C4-4720-8CC5-182F2B121939}.Ad-Hoc|ARM.ActiveCfg = Ad-Hoc|iPhone
		{9888D16B-D2C4-4720-8CC5-182F2B121939}.Ad-Hoc|iPhone.ActiveCfg = Ad-Hoc|iPhone
		{9888D16B-D2C4-4720-8CC5-182F2B121939}.Ad-Hoc|iPhone.Build.0 = Ad-Hoc|iPhone
		{9888D16B-D2C4-4720-8CC5-182F2B121939}.Ad-Hoc|iPhoneSimulator.ActiveCfg = Ad-Hoc|iPhoneSimulator
		{9888D16B-D2C4-4720-8CC5-182F2B121939}.Ad-Hoc|iPhoneSimulator.Build.0 = Ad-Hoc|iPhoneSimulator
		{9888D16B-D2C4-4720-8CC5-182F2B121939}.Ad-Hoc|x86.ActiveCfg = Ad-Hoc|iPhone
		{9888D16B-D2C4-4720-8CC5-182F2B121939}.AppStore|Any CPU.ActiveCfg = AppStore|iPhone
		{9888D16B-D2C4-4720-8CC5-182F2B121939}.AppStore|ARM.ActiveCfg = AppStore|iPhone
		{9888D16B-D2C4-4720-8CC5-182F2B121939}.AppStore|iPhone.ActiveCfg = AppStore|iPhone
		{9888D16B-D2C4-4720-8CC5-182F2B121939}.AppStore|iPhone.Build.0 = AppStore|iPhone
		{9888D16B-D2C4-4720-8CC5-182F2B121939}.AppStore|iPhoneSimulator.ActiveCfg = AppStore|iPhoneSimulator
		{9888D16B-D2C4-4720-8CC5-182F2B121939}.AppStore|iPhoneSimulator.Build.0 = AppStore|iPhoneSimulator
		{9888D16B-D2C4-4720-8CC5-182F2B121939}.AppStore|x86.ActiveCfg = AppStore|iPhone
		{9888D16B-D2C4-4720-8CC5-182F2B121939}.Debug|Any CPU.ActiveCfg = Debug|iPhone
		{9888D16B-D2C4-4720-8CC5-182F2B121939}.Debug|ARM.ActiveCfg = Debug|iPhone
		{9888D16B-D2C4-4720-8CC5-182F2B121939}.Debug|iPhone.ActiveCfg = Debug|iPhone
		{9888D16B-D2C4-4720-8CC5-182F2B121939}.Debug|iPhone.Build.0 = Debug|iPhone
		{9888D16B-D2C4-4720-8CC5-182F2B121939}.Debug|iPhoneSimulator.ActiveCfg = Debug|iPhoneSimulator
		{9888D16B-D2C4-4720-8CC5-182F2B121939}.Debug|iPhoneSimulator.Build.0 = Debug|iPhoneSimulator
		{9888D16B-D2C4-4720-8CC5-182F2B121939}.Debug|x86.ActiveCfg = Debug|iPhone
		{9888D16B-D2C4-4720-8CC5-182F2B121939}.Release|Any CPU.ActiveCfg = Release|iPhone
		{9888D16B-D2C4-4720-8CC5-182F2B121939}.Release|ARM.ActiveCfg = Release|iPhone
		{9888D16B-D2C4-4720-8CC5-182F2B121939}.Release|iPhone.ActiveCfg = Release|iPhone
		{9888D16B-D2C4-4720-8CC5-182F2B121939}.Release|iPhone.Build.0 = Release|iPhone
		{9888D16B-D2C4-4720-8CC5-182F2B121939}.Release|iPhoneSimulator.ActiveCfg = Release|iPhoneSimulator
		{9888D16B-D2C4-4720-8CC5-182F2B121939}.Release|iPhoneSimulator.Build.0 = Release|iPhoneSimulator
		{9888D16B-D2C4-4720-8CC5-182F2B121939}.Release|x86.ActiveCfg = Release|iPhone
		{66CE134F-6758-4FA5-9F97-56EA75C869D6}.Ad-Hoc|Any CPU.ActiveCfg = Release|Any CPU
		{66CE134F-6758-4FA5-9F97-56EA75C869D6}.Ad-Hoc|Any CPU.Build.0 = Release|Any CPU
		{66CE134F-6758-4FA5-9F97-56EA75C869D6}.Ad-Hoc|Any CPU.Deploy.0 = Release|Any CPU
		{66CE134F-6758-4FA5-9F97-56EA75C869D6}.Ad-Hoc|ARM.ActiveCfg = Release|ARM
		{66CE134F-6758-4FA5-9F97-56EA75C869D6}.Ad-Hoc|ARM.Build.0 = Release|ARM
		{66CE134F-6758-4FA5-9F97-56EA75C869D6}.Ad-Hoc|ARM.Deploy.0 = Release|ARM
		{66CE134F-6758-4FA5-9F97-56EA75C869D6}.Ad-Hoc|iPhone.ActiveCfg = Release|Any CPU
		{66CE134F-6758-4FA5-9F97-56EA75C869D6}.Ad-Hoc|iPhone.Build.0 = Release|Any CPU
		{66CE134F-6758-4FA5-9F97-56EA75C869D6}.Ad-Hoc|iPhone.Deploy.0 = Release|Any CPU
		{66CE134F-6758-4FA5-9F97-56EA75C869D6}.Ad-Hoc|iPhoneSimulator.ActiveCfg = Release|Any CPU
		{66CE134F-6758-4FA5-9F97-56EA75C869D6}.Ad-Hoc|iPhoneSimulator.Build.0 = Release|Any CPU
		{66CE134F-6758-4FA5-9F97-56EA75C869D6}.Ad-Hoc|iPhoneSimulator.Deploy.0 = Release|Any CPU
		{66CE134F-6758-4FA5-9F97-56EA75C869D6}.Ad-Hoc|x86.ActiveCfg = Release|x86
		{66CE134F-6758-4FA5-9F97-56EA75C869D6}.Ad-Hoc|x86.Build.0 = Release|x86
		{66CE134F-6758-4FA5-9F97-56EA75C869D6}.Ad-Hoc|x86.Deploy.0 = Release|x86
		{66CE134F-6758-4FA5-9F97-56EA75C869D6}.AppStore|Any CPU.ActiveCfg = Release|Any CPU
		{66CE134F-6758-4FA5-9F97-56EA75C869D6}.AppStore|Any CPU.Build.0 = Release|Any CPU
		{66CE134F-6758-4FA5-9F97-56EA75C869D6}.AppStore|Any CPU.Deploy.0 = Release|Any CPU
		{66CE134F-6758-4FA5-9F97-56EA75C869D6}.AppStore|ARM.ActiveCfg = Release|ARM
		{66CE134F-6758-4FA5-9F97-56EA75C869D6}.AppStore|ARM.Build.0 = Release|ARM
		{66CE134F-6758-4FA5-9F97-56EA75C869D6}.AppStore|ARM.Deploy.0 = Release|ARM
		{66CE134F-6758-4FA5-9F97-56EA75C869D6}.AppStore|iPhone.ActiveCfg = Release|Any CPU
		{66CE134F-6758-4FA5-9F97-56EA75C869D6}.AppStore|iPhone.Build.0 = Release|Any CPU
		{66CE134F-6758-4FA5-9F97-56EA75C869D6}.AppStore|iPhone.Deploy.0 = Release|Any CPU
		{66CE134F-6758-4FA5-9F97-56EA75C869D6}.AppStore|iPhoneSimulator.ActiveCfg = Release|Any CPU
		{66CE134F-6758-4FA5-9F97-56EA75C869D6}.AppStore|iPhoneSimulator.Build.0 = Release|Any CPU
		{66CE134F-6758-4FA5-9F97-56EA75C869D6}.AppStore|iPhoneSimulator.Deploy.0 = Release|Any CPU
		{66CE134F-6758-4FA5-9F97-56EA75C869D6}.AppStore|x86.ActiveCfg = Release|x86
		{66CE134F-6758-4FA5-9F97-56EA75C869D6}.AppStore|x86.Build.0 = Release|x86
		{66CE134F-6758-4FA5-9F97-56EA75C869D6}.AppStore|x86.Deploy.0 = Release|x86
		{66CE134F-6758-4FA5-9F97-56EA75C869D6}.Debug|Any CPU.ActiveCfg = Debug|Any CPU
		{66CE134F-6758-4FA5-9F97-56EA75C869D6}.Debug|Any CPU.Build.0 = Debug|Any CPU
		{66CE134F-6758-4FA5-9F97-56EA75C869D6}.Debug|Any CPU.Deploy.0 = Debug|Any CPU
		{66CE134F-6758-4FA5-9F97-56EA75C869D6}.Debug|ARM.ActiveCfg = Debug|ARM
		{66CE134F-6758-4FA5-9F97-56EA75C869D6}.Debug|iPhone.ActiveCfg = Debug|Any CPU
		{66CE134F-6758-4FA5-9F97-56EA75C869D6}.Debug|iPhone.Build.0 = Debug|Any CPU
		{66CE134F-6758-4FA5-9F97-56EA75C869D6}.Debug|iPhone.Deploy.0 = Debug|Any CPU
		{66CE134F-6758-4FA5-9F97-56EA75C869D6}.Debug|iPhoneSimulator.ActiveCfg = Debug|Any CPU
		{66CE134F-6758-4FA5-9F97-56EA75C869D6}.Debug|iPhoneSimulator.Build.0 = Debug|Any CPU
		{66CE134F-6758-4FA5-9F97-56EA75C869D6}.Debug|iPhoneSimulator.Deploy.0 = Debug|Any CPU
		{66CE134F-6758-4FA5-9F97-56EA75C869D6}.Debug|x86.ActiveCfg = Debug|x86
		{66CE134F-6758-4FA5-9F97-56EA75C869D6}.Debug|x86.Build.0 = Debug|x86
		{66CE134F-6758-4FA5-9F97-56EA75C869D6}.Debug|x86.Deploy.0 = Debug|x86
		{66CE134F-6758-4FA5-9F97-56EA75C869D6}.Release|Any CPU.ActiveCfg = Release|Any CPU
		{66CE134F-6758-4FA5-9F97-56EA75C869D6}.Release|Any CPU.Build.0 = Release|Any CPU
		{66CE134F-6758-4FA5-9F97-56EA75C869D6}.Release|Any CPU.Deploy.0 = Release|Any CPU
		{66CE134F-6758-4FA5-9F97-56EA75C869D6}.Release|ARM.ActiveCfg = Release|ARM
		{66CE134F-6758-4FA5-9F97-56EA75C869D6}.Release|ARM.Build.0 = Release|ARM
		{66CE134F-6758-4FA5-9F97-56EA75C869D6}.Release|ARM.Deploy.0 = Release|ARM
		{66CE134F-6758-4FA5-9F97-56EA75C869D6}.Release|iPhone.ActiveCfg = Release|Any CPU
		{66CE134F-6758-4FA5-9F97-56EA75C869D6}.Release|iPhone.Build.0 = Release|Any CPU
		{66CE134F-6758-4FA5-9F97-56EA75C869D6}.Release|iPhone.Deploy.0 = Release|Any CPU
		{66CE134F-6758-4FA5-9F97-56EA75C869D6}.Release|iPhoneSimulator.ActiveCfg = Release|Any CPU
		{66CE134F-6758-4FA5-9F97-56EA75C869D6}.Release|iPhoneSimulator.Build.0 = Release|Any CPU
		{66CE134F-6758-4FA5-9F97-56EA75C869D6}.Release|iPhoneSimulator.Deploy.0 = Release|Any CPU
		{66CE134F-6758-4FA5-9F97-56EA75C869D6}.Release|x86.ActiveCfg = Release|x86
		{66CE134F-6758-4FA5-9F97-56EA75C869D6}.Release|x86.Build.0 = Release|x86
		{66CE134F-6758-4FA5-9F97-56EA75C869D6}.Release|x86.Deploy.0 = Release|x86
		{ADD460DF-69BA-4012-8EC1-FEFB995D0FBD}.Ad-Hoc|Any CPU.ActiveCfg = Release|Any CPU
		{ADD460DF-69BA-4012-8EC1-FEFB995D0FBD}.Ad-Hoc|Any CPU.Build.0 = Release|Any CPU
		{ADD460DF-69BA-4012-8EC1-FEFB995D0FBD}.Ad-Hoc|ARM.ActiveCfg = Release|Any CPU
		{ADD460DF-69BA-4012-8EC1-FEFB995D0FBD}.Ad-Hoc|ARM.Build.0 = Release|Any CPU
		{ADD460DF-69BA-4012-8EC1-FEFB995D0FBD}.Ad-Hoc|iPhone.ActiveCfg = Release|Any CPU
		{ADD460DF-69BA-4012-8EC1-FEFB995D0FBD}.Ad-Hoc|iPhone.Build.0 = Release|Any CPU
		{ADD460DF-69BA-4012-8EC1-FEFB995D0FBD}.Ad-Hoc|iPhoneSimulator.ActiveCfg = Release|Any CPU
		{ADD460DF-69BA-4012-8EC1-FEFB995D0FBD}.Ad-Hoc|iPhoneSimulator.Build.0 = Release|Any CPU
		{ADD460DF-69BA-4012-8EC1-FEFB995D0FBD}.Ad-Hoc|x86.ActiveCfg = Release|Any CPU
		{ADD460DF-69BA-4012-8EC1-FEFB995D0FBD}.Ad-Hoc|x86.Build.0 = Release|Any CPU
		{ADD460DF-69BA-4012-8EC1-FEFB995D0FBD}.AppStore|Any CPU.ActiveCfg = Release|Any CPU
		{ADD460DF-69BA-4012-8EC1-FEFB995D0FBD}.AppStore|Any CPU.Build.0 = Release|Any CPU
		{ADD460DF-69BA-4012-8EC1-FEFB995D0FBD}.AppStore|ARM.ActiveCfg = Release|Any CPU
		{ADD460DF-69BA-4012-8EC1-FEFB995D0FBD}.AppStore|ARM.Build.0 = Release|Any CPU
		{ADD460DF-69BA-4012-8EC1-FEFB995D0FBD}.AppStore|iPhone.ActiveCfg = Release|Any CPU
		{ADD460DF-69BA-4012-8EC1-FEFB995D0FBD}.AppStore|iPhone.Build.0 = Release|Any CPU
		{ADD460DF-69BA-4012-8EC1-FEFB995D0FBD}.AppStore|iPhoneSimulator.ActiveCfg = Release|Any CPU
		{ADD460DF-69BA-4012-8EC1-FEFB995D0FBD}.AppStore|iPhoneSimulator.Build.0 = Release|Any CPU
		{ADD460DF-69BA-4012-8EC1-FEFB995D0FBD}.AppStore|x86.ActiveCfg = Release|Any CPU
		{ADD460DF-69BA-4012-8EC1-FEFB995D0FBD}.AppStore|x86.Build.0 = Release|Any CPU
		{ADD460DF-69BA-4012-8EC1-FEFB995D0FBD}.Debug|Any CPU.ActiveCfg = Debug|Any CPU
		{ADD460DF-69BA-4012-8EC1-FEFB995D0FBD}.Debug|Any CPU.Build.0 = Debug|Any CPU
		{ADD460DF-69BA-4012-8EC1-FEFB995D0FBD}.Debug|ARM.ActiveCfg = Debug|Any CPU
		{ADD460DF-69BA-4012-8EC1-FEFB995D0FBD}.Debug|ARM.Build.0 = Debug|Any CPU
		{ADD460DF-69BA-4012-8EC1-FEFB995D0FBD}.Debug|iPhone.ActiveCfg = Debug|Any CPU
		{ADD460DF-69BA-4012-8EC1-FEFB995D0FBD}.Debug|iPhone.Build.0 = Debug|Any CPU
		{ADD460DF-69BA-4012-8EC1-FEFB995D0FBD}.Debug|iPhoneSimulator.ActiveCfg = Debug|Any CPU
		{ADD460DF-69BA-4012-8EC1-FEFB995D0FBD}.Debug|iPhoneSimulator.Build.0 = Debug|Any CPU
		{ADD460DF-69BA-4012-8EC1-FEFB995D0FBD}.Debug|x86.ActiveCfg = Debug|Any CPU
		{ADD460DF-69BA-4012-8EC1-FEFB995D0FBD}.Debug|x86.Build.0 = Debug|Any CPU
		{ADD460DF-69BA-4012-8EC1-FEFB995D0FBD}.Release|Any CPU.ActiveCfg = Release|Any CPU
		{ADD460DF-69BA-4012-8EC1-FEFB995D0FBD}.Release|Any CPU.Build.0 = Release|Any CPU
		{ADD460DF-69BA-4012-8EC1-FEFB995D0FBD}.Release|ARM.ActiveCfg = Release|Any CPU
		{ADD460DF-69BA-4012-8EC1-FEFB995D0FBD}.Release|ARM.Build.0 = Release|Any CPU
		{ADD460DF-69BA-4012-8EC1-FEFB995D0FBD}.Release|iPhone.ActiveCfg = Release|Any CPU
		{ADD460DF-69BA-4012-8EC1-FEFB995D0FBD}.Release|iPhone.Build.0 = Release|Any CPU
		{ADD460DF-69BA-4012-8EC1-FEFB995D0FBD}.Release|iPhoneSimulator.ActiveCfg = Release|Any CPU
		{ADD460DF-69BA-4012-8EC1-FEFB995D0FBD}.Release|iPhoneSimulator.Build.0 = Release|Any CPU
		{ADD460DF-69BA-4012-8EC1-FEFB995D0FBD}.Release|x86.ActiveCfg = Release|Any CPU
		{ADD460DF-69BA-4012-8EC1-FEFB995D0FBD}.Release|x86.Build.0 = Release|Any CPU
	EndGlobalSection
	GlobalSection(SolutionProperties) = preSolution
		HideSolutionNode = FALSE
	EndGlobalSection
EndGlobal
